
Microsoft Visual Studio Solution File, Format Version 12.00
# Visual Studio Version 17
VisualStudioVersion = 17.7.34031.279
MinimumVisualStudioVersion = 10.0.40219.1
Project("{FAE04EC0-301F-11D3-BF4B-00C04F79EFBC}") = "GameProjectFinal", "C# GameProject\GameProjectFinal.csproj", "{EEA55A00-B3D7-42DB-9B4A-6A14573A6530}"
EndProject
Global
	GlobalSection(SolutionConfigurationPlatforms) = preSolution
		Debug|Any CPU = Debug|Any CPU
		Release|Any CPU = Release|Any CPU
	EndGlobalSection
	GlobalSection(ProjectConfigurationPlatforms) = postSolution
		{EEA55A00-B3D7-42DB-9B4A-6A14573A6530}.Debug|Any CPU.ActiveCfg = Debug|Any CPU
		{EEA55A00-B3D7-42DB-9B4A-6A14573A6530}.Debug|Any CPU.Build.0 = Debug|Any CPU
		{EEA55A00-B3D7-42DB-9B4A-6A14573A6530}.Release|Any CPU.ActiveCfg = Release|Any CPU
		{EEA55A00-B3D7-42DB-9B4A-6A14573A6530}.Release|Any CPU.Build.0 = Release|Any CPU
	EndGlobalSection
	GlobalSection(SolutionProperties) = preSolution
		HideSolutionNode = FALSE
	EndGlobalSection
	GlobalSection(ExtensibilityGlobals) = postSolution
		SolutionGuid = {FF5B96DE-C7CF-4E61-815A-4F16263671CD}
	EndGlobalSection
EndGlobal
